
Microsoft Visual Studio Solution File, Format Version 12.00
# Visual Studio 14
VisualStudioVersion = 14.0.25420.1
MinimumVisualStudioVersion = 10.0.40219.1
Project("{FAE04EC0-301F-11D3-BF4B-00C04F79EFBC}") = "WebApiVueBoilerplate", "WebApiVueBoilerplate\WebApiVueBoilerplate.csproj", "{2F2BFB8A-1A9B-43F0-8CF2-A407FB3C9BC0}"
EndProject
Project("{FAE04EC0-301F-11D3-BF4B-00C04F79EFBC}") = "WebApiVueBoilerplate.UI", "WebApiVueBoilerplate.UI\WebApiVueBoilerplate.UI.csproj", "{37BBC035-6C21-4482-83F9-BC33FE70B377}"
EndProject
Global
	GlobalSection(SolutionConfigurationPlatforms) = preSolution
		Debug|Any CPU = Debug|Any CPU
		Release|Any CPU = Release|Any CPU
	EndGlobalSection
	GlobalSection(ProjectConfigurationPlatforms) = postSolution
		{2F2BFB8A-1A9B-43F0-8CF2-A407FB3C9BC0}.Debug|Any CPU.ActiveCfg = Debug|Any CPU
		{2F2BFB8A-1A9B-43F0-8CF2-A407FB3C9BC0}.Debug|Any CPU.Build.0 = Debug|Any CPU
		{2F2BFB8A-1A9B-43F0-8CF2-A407FB3C9BC0}.Release|Any CPU.ActiveCfg = Release|Any CPU
		{2F2BFB8A-1A9B-43F0-8CF2-A407FB3C9BC0}.Release|Any CPU.Build.0 = Release|Any CPU
		{37BBC035-6C21-4482-83F9-BC33FE70B377}.Debug|Any CPU.ActiveCfg = Debug|Any CPU
		{37BBC035-6C21-4482-83F9-BC33FE70B377}.Debug|Any CPU.Build.0 = Debug|Any CPU
		{37BBC035-6C21-4482-83F9-BC33FE70B377}.Release|Any CPU.ActiveCfg = Release|Any CPU
		{37BBC035-6C21-4482-83F9-BC33FE70B377}.Release|Any CPU.Build.0 = Release|Any CPU
	EndGlobalSection
	GlobalSection(SolutionProperties) = preSolution
		HideSolutionNode = FALSE
	EndGlobalSection
EndGlobal
